
Microsoft Visual Studio Solution File, Format Version 12.00
# Visual Studio Version 17
VisualStudioVersion = 17.6.33723.286
MinimumVisualStudioVersion = 10.0.40219.1
Project("{9A19103F-16F7-4668-BE54-9A1E7A4F7556}") = "NodeBot", "NodeBot\NodeBot.csproj", "{B8B83AA7-2EAB-45F5-B17D-D10E071331AA}"
EndProject
Project("{FAE04EC0-301F-11D3-BF4B-00C04F79EFBC}") = "NodeBot.Test", "NodeBot.Test\NodeBot.Test.csproj", "{C913D0E6-3E2C-4486-BBA5-D1EA9E122E3F}"
EndProject
Global
	GlobalSection(SolutionConfigurationPlatforms) = preSolution
		Debug|Any CPU = Debug|Any CPU
		Release|Any CPU = Release|Any CPU
	EndGlobalSection
	GlobalSection(ProjectConfigurationPlatforms) = postSolution
		{B8B83AA7-2EAB-45F5-B17D-D10E071331AA}.Debug|Any CPU.ActiveCfg = Debug|Any CPU
		{B8B83AA7-2EAB-45F5-B17D-D10E071331AA}.Debug|Any CPU.Build.0 = Debug|Any CPU
		{B8B83AA7-2EAB-45F5-B17D-D10E071331AA}.Release|Any CPU.ActiveCfg = Release|Any CPU
		{B8B83AA7-2EAB-45F5-B17D-D10E071331AA}.Release|Any CPU.Build.0 = Release|Any CPU
		{C913D0E6-3E2C-4486-BBA5-D1EA9E122E3F}.Debug|Any CPU.ActiveCfg = Debug|Any CPU
		{C913D0E6-3E2C-4486-BBA5-D1EA9E122E3F}.Debug|Any CPU.Build.0 = Debug|Any CPU
		{C913D0E6-3E2C-4486-BBA5-D1EA9E122E3F}.Release|Any CPU.ActiveCfg = Release|Any CPU
		{C913D0E6-3E2C-4486-BBA5-D1EA9E122E3F}.Release|Any CPU.Build.0 = Release|Any CPU
	EndGlobalSection
	GlobalSection(SolutionProperties) = preSolution
		HideSolutionNode = FALSE
	EndGlobalSection
	GlobalSection(ExtensibilityGlobals) = postSolution
		SolutionGuid = {280DD0D9-C4E5-4E81-947C-88C10A27E27F}
	EndGlobalSection
EndGlobal
